
Microsoft Visual Studio Solution File, Format Version 12.00
# Visual Studio Version 16
VisualStudioVersion = 16.0.32106.194
MinimumVisualStudioVersion = 10.0.40219.1
Project("{FAE04EC0-301F-11D3-BF4B-00C04F79EFBC}") = "projeto-teste", "projeto-teste\projeto-teste.csproj", "{35340FF9-04CB-4A37-9936-5A43FC78694B}"
EndProject
Global
	GlobalSection(SolutionConfigurationPlatforms) = preSolution
		Debug|Any CPU = Debug|Any CPU
		Release|Any CPU = Release|Any CPU
	EndGlobalSection
	GlobalSection(ProjectConfigurationPlatforms) = postSolution
		{35340FF9-04CB-4A37-9936-5A43FC78694B}.Debug|Any CPU.ActiveCfg = Debug|Any CPU
		{35340FF9-04CB-4A37-9936-5A43FC78694B}.Debug|Any CPU.Build.0 = Debug|Any CPU
		{35340FF9-04CB-4A37-9936-5A43FC78694B}.Release|Any CPU.ActiveCfg = Release|Any CPU
		{35340FF9-04CB-4A37-9936-5A43FC78694B}.Release|Any CPU.Build.0 = Release|Any CPU
	EndGlobalSection
	GlobalSection(SolutionProperties) = preSolution
		HideSolutionNode = FALSE
	EndGlobalSection
	GlobalSection(ExtensibilityGlobals) = postSolution
		SolutionGuid = {EA5B11EE-5473-485F-8774-B728B290F8E4}
	EndGlobalSection
EndGlobal
